// !$*UTF8*$!
{
	archiveVersion = 1;
	classes = {
	};
	objectVersion = 56;
	objects = {

/* Begin PBXBuildFile section */
		08588460297A9CFE0048C2B8 /* LandmarksApp.swift in Sources */ = {isa = PBXBuildFile; fileRef = 0858845F297A9CFE0048C2B8 /* LandmarksApp.swift */; };
		08588462297A9CFE0048C2B8 /* ContentView.swift in Sources */ = {isa = PBXBuildFile; fileRef = 08588461297A9CFE0048C2B8 /* ContentView.swift */; };
		08588464297A9D000048C2B8 /* Assets.xcassets in Resources */ = {isa = PBXBuildFile; fileRef = 08588463297A9D000048C2B8 /* Assets.xcassets */; };
		08588467297A9D000048C2B8 /* Preview Assets.xcassets in Resources */ = {isa = PBXBuildFile; fileRef = 08588466297A9D000048C2B8 /* Preview Assets.xcassets */; };
		0858846E297AA1200048C2B8 /* CircleImage.swift in Sources */ = {isa = PBXBuildFile; fileRef = 0858846D297AA1200048C2B8 /* CircleImage.swift */; };
		08588470297AA2A10048C2B8 /* MapView.swift in Sources */ = {isa = PBXBuildFile; fileRef = 0858846F297AA2A10048C2B8 /* MapView.swift */; };
		08588472297AA7830048C2B8 /* landmarkData.json in Resources */ = {isa = PBXBuildFile; fileRef = 08588471297AA7830048C2B8 /* landmarkData.json */; };
		08588474297AA7CA0048C2B8 /* Landmark.swift in Sources */ = {isa = PBXBuildFile; fileRef = 08588473297AA7CA0048C2B8 /* Landmark.swift */; };
		08588476297AAB450048C2B8 /* ModelData.swift in Sources */ = {isa = PBXBuildFile; fileRef = 08588475297AAB450048C2B8 /* ModelData.swift */; };
		0858847E297AACE10048C2B8 /* LandmarkRow.swift in Sources */ = {isa = PBXBuildFile; fileRef = 0858847D297AACE10048C2B8 /* LandmarkRow.swift */; };
		08588480297AAF310048C2B8 /* LandmarkList.swift in Sources */ = {isa = PBXBuildFile; fileRef = 0858847F297AAF310048C2B8 /* LandmarkList.swift */; };
		08588482297AC1200048C2B8 /* Detail.swift in Sources */ = {isa = PBXBuildFile; fileRef = 08588481297AC1200048C2B8 /* Detail.swift */; };
/* End PBXBuildFile section */

/* Begin PBXFileReference section */
		0858845C297A9CFE0048C2B8 /* Landmarks.app */ = {isa = PBXFileReference; explicitFileType = wrapper.application; includeInIndex = 0; path = Landmarks.app; sourceTree = BUILT_PRODUCTS_DIR; };
		0858845F297A9CFE0048C2B8 /* LandmarksApp.swift */ = {isa = PBXFileReference; lastKnownFileType = sourcecode.swift; path = LandmarksApp.swift; sourceTree = "<group>"; };
		08588461297A9CFE0048C2B8 /* ContentView.swift */ = {isa = PBXFileReference; lastKnownFileType = sourcecode.swift; path = ContentView.swift; sourceTree = "<group>"; };
		08588463297A9D000048C2B8 /* Assets.xcassets */ = {isa = PBXFileReference; lastKnownFileType = folder.assetcatalog; path = Assets.xcassets; sourceTree = "<group>"; };
		08588466297A9D000048C2B8 /* Preview Assets.xcassets */ = {isa = PBXFileReference; lastKnownFileType = folder.assetcatalog; path = "Preview Assets.xcassets"; sourceTree = "<group>"; };
		0858846D297AA1200048C2B8 /* CircleImage.swift */ = {isa = PBXFileReference; lastKnownFileType = sourcecode.swift; path = CircleImage.swift; sourceTree = "<group>"; };
		0858846F297AA2A10048C2B8 /* MapView.swift */ = {isa = PBXFileReference; lastKnownFileType = sourcecode.swift; path = MapView.swift; sourceTree = "<group>"; };
		08588471297AA7830048C2B8 /* landmarkData.json */ = {isa = PBXFileReference; fileEncoding = 4; lastKnownFileType = text.json; path = landmarkData.json; sourceTree = "<group>"; };
		08588473297AA7CA0048C2B8 /* Landmark.swift */ = {isa = PBXFileReference; lastKnownFileType = sourcecode.swift; path = Landmark.swift; sourceTree = "<group>"; };
		08588475297AAB450048C2B8 /* ModelData.swift */ = {isa = PBXFileReference; lastKnownFileType = sourcecode.swift; path = ModelData.swift; sourceTree = "<group>"; };
		0858847D297AACE10048C2B8 /* LandmarkRow.swift */ = {isa = PBXFileReference; lastKnownFileType = sourcecode.swift; path = LandmarkRow.swift; sourceTree = "<group>"; };
		0858847F297AAF310048C2B8 /* LandmarkList.swift */ = {isa = PBXFileReference; lastKnownFileType = sourcecode.swift; path = LandmarkList.swift; sourceTree = "<group>"; };
		08588481297AC1200048C2B8 /* Detail.swift */ = {isa = PBXFileReference; lastKnownFileType = sourcecode.swift; path = Detail.swift; sourceTree = "<group>"; };
/* End PBXFileReference section */

/* Begin PBXFrameworksBuildPhase section */
		08588459297A9CFE0048C2B8 /* Frameworks */ = {
			isa = PBXFrameworksBuildPhase;
			buildActionMask = 2147483647;
			files = (
			);
			runOnlyForDeploymentPostprocessing = 0;
		};
/* End PBXFrameworksBuildPhase section */

/* Begin PBXGroup section */
		08588453297A9CFE0048C2B8 = {
			isa = PBXGroup;
			children = (
				0858845E297A9CFE0048C2B8 /* Landmarks */,
				0858845D297A9CFE0048C2B8 /* Products */,
			);
			sourceTree = "<group>";
		};
		0858845D297A9CFE0048C2B8 /* Products */ = {
			isa = PBXGroup;
			children = (
				0858845C297A9CFE0048C2B8 /* Landmarks.app */,
			);
			name = Products;
			sourceTree = "<group>";
		};
		0858845E297A9CFE0048C2B8 /* Landmarks */ = {
			isa = PBXGroup;
			children = (
				0858845F297A9CFE0048C2B8 /* LandmarksApp.swift */,
				08588477297AAC720048C2B8 /* Views */,
				0858847A297AAC9E0048C2B8 /* Resource */,
				08588478297AAC890048C2B8 /* Model */,
				08588463297A9D000048C2B8 /* Assets.xcassets */,
				08588465297A9D000048C2B8 /* Preview Content */,
			);
			path = Landmarks;
			sourceTree = "<group>";
		};
		08588465297A9D000048C2B8 /* Preview Content */ = {
			isa = PBXGroup;
			children = (
				08588466297A9D000048C2B8 /* Preview Assets.xcassets */,
			);
			path = "Preview Content";
			sourceTree = "<group>";
		};
		08588477297AAC720048C2B8 /* Views */ = {
			isa = PBXGroup;
			children = (
				08588461297A9CFE0048C2B8 /* ContentView.swift */,
				08588487297ACBB80048C2B8 /* Helpers */,
				08588486297ACBB30048C2B8 /* Landmarks */,
			);
			path = Views;
			sourceTree = "<group>";
		};
		08588478297AAC890048C2B8 /* Model */ = {
			isa = PBXGroup;
			children = (
				08588473297AA7CA0048C2B8 /* Landmark.swift */,
				08588475297AAB450048C2B8 /* ModelData.swift */,
			);
			path = Model;
			sourceTree = "<group>";
		};
		0858847A297AAC9E0048C2B8 /* Resource */ = {
			isa = PBXGroup;
			children = (
				08588471297AA7830048C2B8 /* landmarkData.json */,
			);
			path = Resource;
			sourceTree = "<group>";
		};
		08588486297ACBB30048C2B8 /* Landmarks */ = {
			isa = PBXGroup;
			children = (
				0858847D297AACE10048C2B8 /* LandmarkRow.swift */,
				0858847F297AAF310048C2B8 /* LandmarkList.swift */,
				08588481297AC1200048C2B8 /* Detail.swift */,
			);
			path = Landmarks;
			sourceTree = "<group>";
		};
		08588487297ACBB80048C2B8 /* Helpers */ = {
			isa = PBXGroup;
			children = (
				0858846D297AA1200048C2B8 /* CircleImage.swift */,
				0858846F297AA2A10048C2B8 /* MapView.swift */,
			);
			path = Helpers;
			sourceTree = "<group>";
		};
/* End PBXGroup section */

/* Begin PBXNativeTarget section */
		0858845B297A9CFE0048C2B8 /* Landmarks */ = {
			isa = PBXNativeTarget;
			buildConfigurationList = 0858846A297A9D000048C2B8 /* Build configuration list for PBXNativeTarget "Landmarks" */;
			buildPhases = (
				08588458297A9CFE0048C2B8 /* Sources */,
				08588459297A9CFE0048C2B8 /* Frameworks */,
				0858845A297A9CFE0048C2B8 /* Resources */,
			);
			buildRules = (
			);
			dependencies = (
			);
			name = Landmarks;
			productName = Landmarks;
			productReference = 0858845C297A9CFE0048C2B8 /* Landmarks.app */;
			productType = "com.apple.product-type.application";
		};
/* End PBXNativeTarget section */

/* Begin PBXProject section */
		08588454297A9CFE0048C2B8 /* Project object */ = {
			isa = PBXProject;
			attributes = {
				BuildIndependentTargetsInParallel = 1;
				LastSwiftUpdateCheck = 1420;
				LastUpgradeCheck = 1420;
				TargetAttributes = {
					0858845B297A9CFE0048C2B8 = {
						CreatedOnToolsVersion = 14.2;
					};
				};
			};
			buildConfigurationList = 08588457297A9CFE0048C2B8 /* Build configuration list for PBXProject "Landmarks" */;
			compatibilityVersion = "Xcode 14.0";
			developmentRegion = en;
			hasScannedForEncodings = 0;
			knownRegions = (
				en,
				Base,
			);
			mainGroup = 08588453297A9CFE0048C2B8;
			productRefGroup = 0858845D297A9CFE0048C2B8 /* Products */;
			projectDirPath = "";
			projectRoot = "";
			targets = (
				0858845B297A9CFE0048C2B8 /* Landmarks */,
			);
		};
/* End PBXProject section */

/* Begin PBXResourcesBuildPhase section */
		0858845A297A9CFE0048C2B8 /* Resources */ = {
			isa = PBXResourcesBuildPhase;
			buildActionMask = 2147483647;
			files = (
				08588467297A9D000048C2B8 /* Preview Assets.xcassets in Resources */,
				08588464297A9D000048C2B8 /* Assets.xcassets in Resources */,
				08588472297AA7830048C2B8 /* landmarkData.json in Resources */,
			);
			runOnlyForDeploymentPostprocessing = 0;
		};
/* End PBXResourcesBuildPhase section */

/* Begin PBXSourcesBuildPhase section */
		08588458297A9CFE0048C2B8 /* Sources */ = {
			isa = PBXSourcesBuildPhase;
			buildActionMask = 2147483647;
			files = (
				08588462297A9CFE0048C2B8 /* ContentView.swift in Sources */,
				08588470297AA2A10048C2B8 /* MapView.swift in Sources */,
				08588482297AC1200048C2B8 /* Detail.swift in Sources */,
				08588460297A9CFE0048C2B8 /* LandmarksApp.swift in Sources */,
				08588480297AAF310048C2B8 /* LandmarkList.swift in Sources */,
				0858846E297AA1200048C2B8 /* CircleImage.swift in Sources */,
				08588474297AA7CA0048C2B8 /* Landmark.swift in Sources */,
				0858847E297AACE10048C2B8 /* LandmarkRow.swift in Sources */,
				08588476297AAB450048C2B8 /* ModelData.swift in Sources */,
			);
			runOnlyForDeploymentPostprocessing = 0;
		};
/* End PBXSourcesBuildPhase section */

/* Begin XCBuildConfiguration section */
		08588468297A9D000048C2B8 /* Debug */ = {
			isa = XCBuildConfiguration;
			buildSettings = {
				ALWAYS_SEARCH_USER_PATHS = NO;
				CLANG_ANALYZER_NONNULL = YES;
				CLANG_ANALYZER_NUMBER_OBJECT_CONVERSION = YES_AGGRESSIVE;
				CLANG_CXX_LANGUAGE_STANDARD = "gnu++20";
				CLANG_ENABLE_MODULES = YES;
				CLANG_ENABLE_OBJC_ARC = YES;
				CLANG_ENABLE_OBJC_WEAK = YES;
				CLANG_WARN_BLOCK_CAPTURE_AUTORELEASING = YES;
				CLANG_WARN_BOOL_CONVERSION = YES;
				CLANG_WARN_COMMA = YES;
				CLANG_WARN_CONSTANT_CONVERSION = YES;
				CLANG_WARN_DEPRECATED_OBJC_IMPLEMENTATIONS = YES;
				CLANG_WARN_DIRECT_OBJC_ISA_USAGE = YES_ERROR;
				CLANG_WARN_DOCUMENTATION_COMMENTS = YES;
				CLANG_WARN_EMPTY_BODY = YES;
				CLANG_WARN_ENUM_CONVERSION = YES;
				CLANG_WARN_INFINITE_RECURSION = YES;
				CLANG_WARN_INT_CONVERSION = YES;
				CLANG_WARN_NON_LITERAL_NULL_CONVERSION = YES;
				CLANG_WARN_OBJC_IMPLICIT_RETAIN_SELF = YES;
				CLANG_WARN_OBJC_LITERAL_CONVERSION = YES;
				CLANG_WARN_OBJC_ROOT_CLASS = YES_ERROR;
				CLANG_WARN_QUOTED_INCLUDE_IN_FRAMEWORK_HEADER = YES;
				CLANG_WARN_RANGE_LOOP_ANALYSIS = YES;
				CLANG_WARN_STRICT_PROTOTYPES = YES;
				CLANG_WARN_SUSPICIOUS_MOVE = YES;
				CLANG_WARN_UNGUARDED_AVAILABILITY = YES_AGGRESSIVE;
				CLANG_WARN_UNREACHABLE_CODE = YES;
				CLANG_WARN__DUPLICATE_METHOD_MATCH = YES;
				COPY_PHASE_STRIP = NO;
				DEBUG_INFORMATION_FORMAT = dwarf;
				ENABLE_STRICT_OBJC_MSGSEND = YES;
				ENABLE_TESTABILITY = YES;
				GCC_C_LANGUAGE_STANDARD = gnu11;
				GCC_DYNAMIC_NO_PIC = NO;
				GCC_NO_COMMON_BLOCKS = YES;
				GCC_OPTIMIZATION_LEVEL = 0;
				GCC_PREPROCESSOR_DEFINITIONS = (
					"DEBUG=1",
					"$(inherited)",
				);
				GCC_WARN_64_TO_32_BIT_CONVERSION = YES;
				GCC_WARN_ABOUT_RETURN_TYPE = YES_ERROR;
				GCC_WARN_UNDECLARED_SELECTOR = YES;
				GCC_WARN_UNINITIALIZED_AUTOS = YES_AGGRESSIVE;
				GCC_WARN_UNUSED_FUNCTION = YES;
				GCC_WARN_UNUSED_VARIABLE = YES;
				IPHONEOS_DEPLOYMENT_TARGET = 16.2;
				MTL_ENABLE_DEBUG_INFO = INCLUDE_SOURCE;
				MTL_FAST_MATH = YES;
				ONLY_ACTIVE_ARCH = YES;
				SDKROOT = iphoneos;
				SWIFT_ACTIVE_COMPILATION_CONDITIONS = DEBUG;
				SWIFT_OPTIMIZATION_LEVEL = "-Onone";
			};
			name = Debug;
		};
		08588469297A9D000048C2B8 /* Release */ = {
			isa = XCBuildConfiguration;
			buildSettings = {
				ALWAYS_SEARCH_USER_PATHS = NO;
				CLANG_ANALYZER_NONNULL = YES;
				CLANG_ANALYZER_NUMBER_OBJECT_CONVERSION = YES_AGGRESSIVE;
				CLANG_CXX_LANGUAGE_STANDARD = "gnu++20";
				CLANG_ENABLE_MODULES = YES;
				CLANG_ENABLE_OBJC_ARC = YES;
				CLANG_ENABLE_OBJC_WEAK = YES;
				CLANG_WARN_BLOCK_CAPTURE_AUTORELEASING = YES;
				CLANG_WARN_BOOL_CONVERSION = YES;
				CLANG_WARN_COMMA = YES;
				CLANG_WARN_CONSTANT_CONVERSION = YES;
				CLANG_WARN_DEPRECATED_OBJC_IMPLEMENTATIONS = YES;
				CLANG_WARN_DIRECT_OBJC_ISA_USAGE = YES_ERROR;
				CLANG_WARN_DOCUMENTATION_COMMENTS = YES;
				CLANG_WARN_EMPTY_BODY = YES;
				CLANG_WARN_ENUM_CONVERSION = YES;
				CLANG_WARN_INFINITE_RECURSION = YES;
				CLANG_WARN_INT_CONVERSION = YES;
				CLANG_WARN_NON_LITERAL_NULL_CONVERSION = YES;
				CLANG_WARN_OBJC_IMPLICIT_RETAIN_SELF = YES;
				CLANG_WARN_OBJC_LITERAL_CONVERSION = YES;
				CLANG_WARN_OBJC_ROOT_CLASS = YES_ERROR;
				CLANG_WARN_QUOTED_INCLUDE_IN_FRAMEWORK_HEADER = YES;
				CLANG_WARN_RANGE_LOOP_ANALYSIS = YES;
				CLANG_WARN_STRICT_PROTOTYPES = YES;
				CLANG_WARN_SUSPICIOUS_MOVE = YES;
				CLANG_WARN_UNGUARDED_AVAILABILITY = YES_AGGRESSIVE;
				CLANG_WARN_UNREACHABLE_CODE = YES;
				CLANG_WARN__DUPLICATE_METHOD_MATCH = YES;
				COPY_PHASE_STRIP = NO;
				DEBUG_INFORMATION_FORMAT = "dwarf-with-dsym";
				ENABLE_NS_ASSERTIONS = NO;
				ENABLE_STRICT_OBJC_MSGSEND = YES;
				GCC_C_LANGUAGE_STANDARD = gnu11;
				GCC_NO_COMMON_BLOCKS = YES;
				GCC_WARN_64_TO_32_BIT_CONVERSION = YES;
				GCC_WARN_ABOUT_RETURN_TYPE = YES_ERROR;
				GCC_WARN_UNDECLARED_SELECTOR = YES;
				GCC_WARN_UNINITIALIZED_AUTOS = YES_AGGRESSIVE;
				GCC_WARN_UNUSED_FUNCTION = YES;
				GCC_WARN_UNUSED_VARIABLE = YES;
				IPHONEOS_DEPLOYMENT_TARGET = 16.2;
				MTL_ENABLE_DEBUG_INFO = NO;
				MTL_FAST_MATH = YES;
				SDKROOT = iphoneos;
				SWIFT_COMPILATION_MODE = wholemodule;
				SWIFT_OPTIMIZATION_LEVEL = "-O";
				VALIDATE_PRODUCT = YES;
			};
			name = Release;
		};
		0858846B297A9D000048C2B8 /* Debug */ = {
			isa = XCBuildConfiguration;
			buildSettings = {
				ASSETCATALOG_COMPILER_APPICON_NAME = AppIcon;
				ASSETCATALOG_COMPILER_GLOBAL_ACCENT_COLOR_NAME = AccentColor;
				CODE_SIGN_STYLE = Automatic;
				CURRENT_PROJECT_VERSION = 1;
				DEVELOPMENT_ASSET_PATHS = "\"Landmarks/Preview Content\"";
				DEVELOPMENT_TEAM = P8794RMH4C;
				ENABLE_PREVIEWS = YES;
				GENERATE_INFOPLIST_FILE = YES;
				INFOPLIST_KEY_UIApplicationSceneManifest_Generation = YES;
				INFOPLIST_KEY_UIApplicationSupportsIndirectInputEvents = YES;
				INFOPLIST_KEY_UILaunchScreen_Generation = YES;
				INFOPLIST_KEY_UISupportedInterfaceOrientations_iPad = "UIInterfaceOrientationPortrait UIInterfaceOrientationPortraitUpsideDown UIInterfaceOrientationLandscapeLeft UIInterfaceOrientationLandscapeRight";
				INFOPLIST_KEY_UISupportedInterfaceOrientations_iPhone = "UIInterfaceOrientationPortrait UIInterfaceOrientationLandscapeLeft UIInterfaceOrientationLandscapeRight";
				LD_RUNPATH_SEARCH_PATHS = (
					"$(inherited)",
					"@executable_path/Frameworks",
				);
				MARKETING_VERSION = 1.0;
				PRODUCT_BUNDLE_IDENTIFIER = com.pututyb.Landmarks;
				PRODUCT_NAME = "$(TARGET_NAME)";
				SWIFT_EMIT_LOC_STRINGS = YES;
				SWIFT_VERSION = 5.0;
				TARGETED_DEVICE_FAMILY = "1,2";
			};
			name = Debug;
		};
		0858846C297A9D000048C2B8 /* Release */ = {
			isa = XCBuildConfiguration;
			buildSettings = {
				ASSETCATALOG_COMPILER_APPICON_NAME = AppIcon;
				ASSETCATALOG_COMPILER_GLOBAL_ACCENT_COLOR_NAME = AccentColor;
				CODE_SIGN_STYLE = Automatic;
				CURRENT_PROJECT_VERSION = 1;
				DEVELOPMENT_ASSET_PATHS = "\"Landmarks/Preview Content\"";
				DEVELOPMENT_TEAM = P8794RMH4C;
				ENABLE_PREVIEWS = YES;
				GENERATE_INFOPLIST_FILE = YES;
				INFOPLIST_KEY_UIApplicationSceneManifest_Generation = YES;
				INFOPLIST_KEY_UIApplicationSupportsIndirectInputEvents = YES;
				INFOPLIST_KEY_UILaunchScreen_Generation = YES;
				INFOPLIST_KEY_UISupportedInterfaceOrientations_iPad = "UIInterfaceOrientationPortrait UIInterfaceOrientationPortraitUpsideDown UIInterfaceOrientationLandscapeLeft UIInterfaceOrientationLandscapeRight";
				INFOPLIST_KEY_UISupportedInterfaceOrientations_iPhone = "UIInterfaceOrientationPortrait UIInterfaceOrientationLandscapeLeft UIInterfaceOrientationLandscapeRight";
				LD_RUNPATH_SEARCH_PATHS = (
					"$(inherited)",
					"@executable_path/Frameworks",
				);
				MARKETING_VERSION = 1.0;
				PRODUCT_BUNDLE_IDENTIFIER = com.pututyb.Landmarks;
				PRODUCT_NAME = "$(TARGET_NAME)";
				SWIFT_EMIT_LOC_STRINGS = YES;
				SWIFT_VERSION = 5.0;
				TARGETED_DEVICE_FAMILY = "1,2";
			};
			name = Release;
		};
/* End XCBuildConfiguration section */

/* Begin XCConfigurationList section */
		08588457297A9CFE0048C2B8 /* Build configuration list for PBXProject "Landmarks" */ = {
			isa = XCConfigurationList;
			buildConfigurations = (
				08588468297A9D000048C2B8 /* Debug */,
				08588469297A9D000048C2B8 /* Release */,
			);
			defaultConfigurationIsVisible = 0;
			defaultConfigurationName = Release;
		};
		0858846A297A9D000048C2B8 /* Build configuration list for PBXNativeTarget "Landmarks" */ = {
			isa = XCConfigurationList;
			buildConfigurations = (
				0858846B297A9D000048C2B8 /* Debug */,
				0858846C297A9D000048C2B8 /* Release */,
			);
			defaultConfigurationIsVisible = 0;
			defaultConfigurationName = Release;
		};
/* End XCConfigurationList section */
	};
	rootObject = 08588454297A9CFE0048C2B8 /* Project object */;
}
